
Microsoft Visual Studio Solution File, Format Version 12.00
# Visual Studio Version 17
VisualStudioVersion = 17.4.33122.133
MinimumVisualStudioVersion = 10.0.40219.1
Project("{2150E333-8FDC-42A3-9474-1A3956D46DE8}") = "Src", "Src", "{D7C86A37-1551-44BA-A993-774C8A9CA3CF}"
EndProject
Project("{2150E333-8FDC-42A3-9474-1A3956D46DE8}") = "Tests", "Tests", "{A17594A6-FB53-4322-B23E-0080E14EBA6B}"
EndProject
Project("{FAE04EC0-301F-11D3-BF4B-00C04F79EFBC}") = "eShop.Domain", "eShop.Domain\eShop.Domain.csproj", "{3E1AA0B9-213A-41B1-A2B9-087E0AC6CBF0}"
EndProject
Project("{FAE04EC0-301F-11D3-BF4B-00C04F79EFBC}") = "eShop.Infrastructure", "eShop.Infrastructure\eShop.Infrastructure.csproj", "{2A96B067-98FF-4385-9D8D-CFB37D08115F}"
EndProject
Project("{FAE04EC0-301F-11D3-BF4B-00C04F79EFBC}") = "eShop.Application", "eShop.Application\eShop.Application.csproj", "{E323AF81-1B80-4460-A0FE-060FEE90BA72}"
EndProject
Project("{FAE04EC0-301F-11D3-BF4B-00C04F79EFBC}") = "eShop.Api", "eShop.Api\eShop.Api.csproj", "{698198A9-3677-4A6F-9138-A8B53045ECA3}"
EndProject
Global
	GlobalSection(SolutionConfigurationPlatforms) = preSolution
		Debug|Any CPU = Debug|Any CPU
		Release|Any CPU = Release|Any CPU
	EndGlobalSection
	GlobalSection(ProjectConfigurationPlatforms) = postSolution
		{3E1AA0B9-213A-41B1-A2B9-087E0AC6CBF0}.Debug|Any CPU.ActiveCfg = Debug|Any CPU
		{3E1AA0B9-213A-41B1-A2B9-087E0AC6CBF0}.Debug|Any CPU.Build.0 = Debug|Any CPU
		{3E1AA0B9-213A-41B1-A2B9-087E0AC6CBF0}.Release|Any CPU.ActiveCfg = Release|Any CPU
		{3E1AA0B9-213A-41B1-A2B9-087E0AC6CBF0}.Release|Any CPU.Build.0 = Release|Any CPU
		{2A96B067-98FF-4385-9D8D-CFB37D08115F}.Debug|Any CPU.ActiveCfg = Debug|Any CPU
		{2A96B067-98FF-4385-9D8D-CFB37D08115F}.Debug|Any CPU.Build.0 = Debug|Any CPU
		{2A96B067-98FF-4385-9D8D-CFB37D08115F}.Release|Any CPU.ActiveCfg = Release|Any CPU
		{2A96B067-98FF-4385-9D8D-CFB37D08115F}.Release|Any CPU.Build.0 = Release|Any CPU
		{E323AF81-1B80-4460-A0FE-060FEE90BA72}.Debug|Any CPU.ActiveCfg = Debug|Any CPU
		{E323AF81-1B80-4460-A0FE-060FEE90BA72}.Debug|Any CPU.Build.0 = Debug|Any CPU
		{E323AF81-1B80-4460-A0FE-060FEE90BA72}.Release|Any CPU.ActiveCfg = Release|Any CPU
		{E323AF81-1B80-4460-A0FE-060FEE90BA72}.Release|Any CPU.Build.0 = Release|Any CPU
		{698198A9-3677-4A6F-9138-A8B53045ECA3}.Debug|Any CPU.ActiveCfg = Debug|Any CPU
		{698198A9-3677-4A6F-9138-A8B53045ECA3}.Debug|Any CPU.Build.0 = Debug|Any CPU
		{698198A9-3677-4A6F-9138-A8B53045ECA3}.Release|Any CPU.ActiveCfg = Release|Any CPU
		{698198A9-3677-4A6F-9138-A8B53045ECA3}.Release|Any CPU.Build.0 = Release|Any CPU
	EndGlobalSection
	GlobalSection(SolutionProperties) = preSolution
		HideSolutionNode = FALSE
	EndGlobalSection
	GlobalSection(NestedProjects) = preSolution
		{3E1AA0B9-213A-41B1-A2B9-087E0AC6CBF0} = {D7C86A37-1551-44BA-A993-774C8A9CA3CF}
		{2A96B067-98FF-4385-9D8D-CFB37D08115F} = {D7C86A37-1551-44BA-A993-774C8A9CA3CF}
		{E323AF81-1B80-4460-A0FE-060FEE90BA72} = {D7C86A37-1551-44BA-A993-774C8A9CA3CF}
		{698198A9-3677-4A6F-9138-A8B53045ECA3} = {D7C86A37-1551-44BA-A993-774C8A9CA3CF}
	EndGlobalSection
	GlobalSection(ExtensibilityGlobals) = postSolution
		SolutionGuid = {95CEF769-B7E2-473E-98D9-67F66644215D}
	EndGlobalSection
EndGlobal
